version = 1
revision = 5
requires-python = "==3.12.*"

[[package]]
name = "anyio"
version = "4.15.1"
source = { registry = "https://pypi.org/simple" }
dependencies = [
    { name = "idna" },
    { name = "typing-extensions" },
]
sdist = { url = "https://files.pythonhosted.org/packages/a9/d2/f4d173e22df740bc37b1db102b386ba719b66e95b0f0d751f556b387e6d2/anyio-4.15.1.tar.gz", hash = "sha256:9f28306018cbd6d329e64a36d58256edff76dd996fe423bc957326e578b82a94", size = 276966, upload-time = "2026-09-05T10:42:39.44Z" }
wheels = [
    { url = "https://files.pythonhosted.org/packages/12/b8/4bd346e22b28902df4d651910f5242c28d84e4a5c2435ca5c3f797ed7e2e/anyio-4.15.1-py3-none-any.whl", hash = "sha256:6152fdbbf9a77fdec97731721bebf7c4c44f7c29b424b0065826173efc7ed101", size = 132079, upload-time = "2026-09-05T10:42:37.923Z" },
]

[[package]]
name = "certifi"
version = "2026.7.22"
source = { registry = "https://pypi.org/simple" }
sdist = { url = "https://files.pythonhosted.org/packages/a3/c2/24167ea9858356b47a87a50d39908bfdb72ceeefe0041586e704e5376b3a/certifi-2026.7.22.tar.gz", hash = "sha256:741e2c3b351ddf169a738da9f2c048608ff7f2c5cc02f1ebc6b118bb090d5d55", size = 138112, upload-time = "2026-07-22T03:35:12.644Z" }
wheels = [
    { url = "https://files.pythonhosted.org/packages/0b/a7/71ac2cff56fec219ed242bb11b8efb69fcc4bec75db06fb7bfe35de520e6/certifi-2026.7.22-py3-none-any.whl", hash = "sha256:62f22742b58a1a33014a2b6b706588a8d7e2a88ae7bd1a6ebe8c992928483775", size = 136983, upload-time = "2026-07-22T03:35:11.276Z" },
]

[[package]]
name = "click"
version = "8.5.0"
source = { registry = "https://pypi.org/simple" }
sdist = { url = "https://files.pythonhosted.org/packages/c7/0e/7fa0ef50764b67090eca4114772a2abf8b6148198475e54c660b97caeee6/click-8.5.0.tar.gz", hash = "sha256:ba0d2089de75ea0310e2dde03160e6ca10009947fb95a182f9b54021bb272e34", size = 382235, upload-time = "2026-08-26T13:33:14.56Z" }
wheels = [
    { url = "https://files.pythonhosted.org/packages/58/50/6c0d534c5f134586a8e1ba4e330569e32f057e33372ae556463212fb4cd3/click-8.5.0-py3-none-any.whl", hash = "sha256:255bc9599cf7748b4b1a446ccc735421bd08a2ae529a8b88597d3de5664ee360", size = 125251, upload-time = "2026-08-26T13:33:12.928Z" },
]

[[package]]
name = "colorama"
version = "0.4.6"
source = { registry = "https://pypi.org/simple" }
sdist = { url = "https://files.pythonhosted.org/packages/d8/53/6f443c9a4a8358a93a6792e2acffb9d9d5cb0a5cfd8802644b7b1c9a02e4/colorama-0.4.6.tar.gz", hash = "sha256:08695f5cb7ed6e0531a20572697297273c47b8cae5a63ffc6d6ed5c201be6e44", size = 27697, upload-time = "2022-10-25T02:36:22.414Z" }
wheels = [
    { url = "https://files.pythonhosted.org/packages/d1/d6/3965ed04c63042e047cb6a3e6ed1a63a35087b6a609aa3a15ed8ac56c221/colorama-0.4.6-py2.py3-none-any.whl", hash = "sha256:4f1d9991f5acc0ca119f9d443620b77f9d6b33703e51011c16baf57afb285fc6", size = 25335, upload-time = "2022-10-25T02:36:20.889Z" },
]

[[package]]
name = "h11"
version = "0.16.0"
source = { registry = "https://pypi.org/simple" }
sdist = { url = "https://files.pythonhosted.org/packages/01/ee/02a2c011bdab74c6fb3c75474d40b3052059d95df7e73351460c8588d963/h11-0.16.0.tar.gz", hash = "sha256:4e35b956cf45792e4caa5885e69fba00bdbc6ffafbfa020300e549b208ee5ff1", size = 101250, upload-time = "2025-04-24T03:35:25.427Z" }
wheels = [
    { url = "https://files.pythonhosted.org/packages/04/4b/29cac41a4d98d144bf5f6d33995617b185d14b22401f75ca86f384e87ff1/h11-0.16.0-py3-none-any.whl", hash = "sha256:63cf8bbe7522de3bf65932fda1d9c2772064ffb3dae62d55932da54b31cb6c86", size = 37515, upload-time = "2025-04-24T03:35:24.344Z" },
]

[[package]]
name = "httpcore"
version = "1.0.9"
source = { registry = "https://pypi.org/simple" }
dependencies = [
    { name = "certifi" },
    { name = "h11" },
]
sdist = { url = "https://files.pythonhosted.org/packages/06/94/82699a10bca87a5556c9c59b5963f2d039dbd239f25bc2a63907a05a14cb/httpcore-1.0.9.tar.gz", hash = "sha256:6e34463af53fd2ab5d807f399a9b45ea31c3dfa2276f15a2c3f00afff6e176e8", size = 85484, upload-time = "2025-04-24T22:06:22.219Z" }
wheels = [
    { url = "https://files.pythonhosted.org/packages/7e/f5/f66802a942d491edb555dd61e3a9961140fd64c90bce1eafd741609d334d/httpcore-1.0.9-py3-none-any.whl", hash = "sha256:2d400746a40668fc9dec9810239072b40b4484b640a8c38fd654a024c7a1bf55", size = 78784, upload-time = "2025-04-24T22:06:20.566Z" },
]

[[package]]
name = "httpx"
version = "0.28.1"
source = { registry = "https://pypi.org/simple" }
dependencies = [
    { name = "anyio" },
    { name = "certifi" },
    { name = "httpcore" },
    { name = "idna" },
]
sdist = { url = "https://files.pythonhosted.org/packages/b1/df/48c586a5fe32a0f01324ee087459e112ebb7224f646c0b5023f5e79e9956/httpx-0.28.1.tar.gz", hash = "sha256:75e98c5f16b0f35b567856f597f06ff2270a374470a5c2392242528e3e3e42fc", size = 141406, upload-time = "2024-12-06T15:37:23.222Z" }
wheels = [
    { url = "https://files.pythonhosted.org/packages/2a/39/e50c7c3a983047577ee07d2a9e53faf5a69493943ec3f6a384bdc792deb2/httpx-0.28.1-py3-none-any.whl", hash = "sha256:d909fcccc110f8c7faf814ca82a9a4d816bc5a6dbfea25d6591d6985b8ba59ad", size = 73517, upload-time = "2024-12-06T15:37:21.509Z" },
]

[[package]]
name = "idna"
version = "3.20"
source = { registry = "https://pypi.org/simple" }
sdist = { url = "https://files.pythonhosted.org/packages/f5/08/8eea9d4b8302028f3abb2c0813953f7aec26d33b7a8960ed760e65ff29fa/idna-3.20.tar.gz", hash = "sha256:a7db850025b95ded1eae8a46181a1a6c56c92c96f0e2b005d9ff8dc0210cab44", size = 216463, upload-time = "2026-09-17T14:11:04.752Z" }
wheels = [
    { url = "https://files.pythonhosted.org/packages/58/a2/bb081bab032533a855d44de1d56f8e8426114ff1ba5d1f07a438a0a654f8/idna-3.20-py3-none-any.whl", hash = "sha256:ab7ae7122974553370f0bdb919e1a960b2cd1bc1ef0276416d896db81c14582c", size = 69583, upload-time = "2026-09-17T14:11:03.168Z" },
]

[[package]]
name = "iniconfig"
version = "2.3.0"
source = { registry = "https://pypi.org/simple" }
sdist = { url = "https://files.pythonhosted.org/packages/72/34/14ca021ce8e5dfedc35312d08ba8bf51fdd999c576889fc2c24cb97f4f10/iniconfig-2.3.0.tar.gz", hash = "sha256:c76315c77db068650d49c5b56314774a7804df16fee4402c1f19d6d15d8c4730", size = 20503, upload-time = "2025-10-18T21:55:43.219Z" }
wheels = [
    { url = "https://files.pythonhosted.org/packages/cb/b1/3846dd7f199d53cb17f49cba7e651e9ce294d8497c8c150530ed11865bb8/iniconfig-2.3.0-py3-none-any.whl", hash = "sha256:f631c04d2c48c52b84d0d0549c99ff3859c98df65b3101406327ecc7d53fbf12", size = 7484, upload-time = "2025-10-18T21:55:41.639Z" },
]

[[package]]
name = "order-chaser"
version = "0.1.0"
source = { editable = "." }
dependencies = [
    { name = "httpx" },
    { name = "starlette" },
    { name = "uvicorn" },
    { name = "websockets" },
]

[package.dev-dependencies]
dev = [
    { name = "pytest" },
]

[package.metadata]
requires-dist = [
    { name = "httpx", specifier = "==0.28.1" },
    { name = "starlette", specifier = "==1.7.0" },
    { name = "uvicorn", specifier = "==0.54.0" },
    { name = "websockets", specifier = "==17.2" },
]

[package.metadata.requires-dev]
dev = [{ name = "pytest", specifier = "==9.1.1" }]

[[package]]
name = "packaging"
version = "26.3"
source = { registry = "https://pypi.org/simple" }
sdist = { url = "https://files.pythonhosted.org/packages/7d/fa/3944b40b07da9ce895c0e6303a5ab7d53da063554f534556b134a54d6093/packaging-26.3.tar.gz", hash = "sha256:94edc256424af38762eb31306eed28beb9f0efc50a8837492c9d6fd6004aed79", size = 313412, upload-time = "2026-08-04T18:15:28.737Z" }
wheels = [
    { url = "https://files.pythonhosted.org/packages/63/34/ba1c580383c9eada3711951fef0795c80b829a078d72188184bcab9dd527/packaging-26.3-py3-none-any.whl", hash = "sha256:d7193f7c8e4e93f444fde0262bf90af30e16fa0ad0ad44cb553c87339b23cd1c", size = 129956, upload-time = "2026-08-04T18:15:27.159Z" },
]

[[package]]
name = "pluggy"
version = "1.6.0"
source = { registry = "https://pypi.org/simple" }
sdist = { url = "https://files.pythonhosted.org/packages/f9/e2/3e91f31a7d2b083fe6ef3fa267035b518369d9511ffab804f839851d2779/pluggy-1.6.0.tar.gz", hash = "sha256:7dcc130b76258d33b90f61b658791dede3486c3e6bfb003ee5c9bfb396dd22f3", size = 69412, upload-time = "2025-05-15T12:30:07.975Z" }
wheels = [
    { url = "https://files.pythonhosted.org/packages/54/20/4d324d65cc6d9205fabedc306948156824eb9f0ee1633355a8f7ec5c66bf/pluggy-1.6.0-py3-none-any.whl", hash = "sha256:e920276dd6813095e9377c0bc5566d94c932c33b27a3e3945d8389c374dd4746", size = 20538, upload-time = "2025-05-15T12:30:06.134Z" },
]

[[package]]
name = "pygments"
version = "2.21.0"
source = { registry = "https://pypi.org/simple" }
sdist = { url = "https://files.pythonhosted.org/packages/49/2e/ced460408999b33da6b31b0021b0f37d329e202d4169aeb164493778f25b/pygments-2.21.0.tar.gz", hash = "sha256:610ca751c9bc2492b38eb9a38a7fbc93edbbb2d7182edaf34e66ae493dee5c8c", size = 5005329, upload-time = "2026-08-17T08:02:48.824Z" }
wheels = [
    { url = "https://files.pythonhosted.org/packages/71/46/17f022dd3e953bf20a04a028a21ec746d942f8d2af30fa0f124fa0e6a684/pygments-2.21.0-py3-none-any.whl", hash = "sha256:2363c69b61c4a97c838da3b130dcd6468f4848992b21a82f2a63ec34377137d9", size = 1250147, upload-time = "2026-08-17T08:02:44.912Z" },
]

[[package]]
name = "pytest"
version = "9.1.1"
source = { registry = "https://pypi.org/simple" }
dependencies = [
    { name = "colorama", marker = "sys_platform == 'win32'" },
    { name = "iniconfig" },
    { name = "packaging" },
    { name = "pluggy" },
    { name = "pygments" },
]
sdist = { url = "https://files.pythonhosted.org/packages/e4/47/b9efed96c114afcfa3c9d3fe98a76a1d14c74a9e266d397cf6eb64be5e01/pytest-9.1.1.tar.gz", hash = "sha256:1088fbde8f2b49d95a549a195707afa7a76a3ce9bcadc26b6d71f0ffda5fe313", size = 1636369, upload-time = "2026-06-19T10:58:32.857Z" }
wheels = [
    { url = "https://files.pythonhosted.org/packages/24/25/1de2678b631f5a49215c6c96fff41ba892b0a34df68d6d80292b1b48aa7f/pytest-9.1.1-py3-none-any.whl", hash = "sha256:37a86b45efb9a47a61a36449063e8e18d0cab3161329fc099eb21783169c4f0c", size = 386536, upload-time = "2026-06-19T10:58:31.347Z" },
]

[[package]]
name = "starlette"
version = "1.7.0"
source = { registry = "https://pypi.org/simple" }
dependencies = [
    { name = "anyio" },
    { name = "typing-extensions" },
]
sdist = { url = "https://files.pythonhosted.org/packages/7b/2b/3850dc6bf7ef71b088962eba31dafc6cffd2f96e577ebb0bb316df96da3e/starlette-1.7.0.tar.gz", hash = "sha256:c79f74ea63cff761804fbbfb182f1e0b440c2d07b164d24700c5a1bab5d6ff5d", size = 2736246, upload-time = "2026-09-23T07:30:26.35Z" }
wheels = [
    { url = "https://files.pythonhosted.org/packages/4e/d6/1ec1b290f9e0fb067899b61e1d37a30c923068bad260b216dbe37a7d2967/starlette-1.7.0-py3-none-any.whl", hash = "sha256:67f8e99895493dd2911a03f11314af6ceebeae4e704bb9f43dfc6a9db151c93e", size = 78980, upload-time = "2026-09-23T07:30:24.567Z" },
]

[[package]]
name = "typing-extensions"
version = "4.16.0"
source = { registry = "https://pypi.org/simple" }
sdist = { url = "https://files.pythonhosted.org/packages/f6/cc/6253133b5bb138fc3306cebfbda2c520f545d36b5be2c7255cc528bb45d6/typing_extensions-4.16.0.tar.gz", hash = "sha256:dc983d19a509c94dba722ee6abd33940f7c05a89e243c47e907eb4db6f1a43e5", size = 113555, upload-time = "2026-07-02T08:40:05.92Z" }
wheels = [
    { url = "https://files.pythonhosted.org/packages/49/d3/b8441a820a491ddfc024b0b0cf0393375b75ea13866d9c66727e54c2fc80/typing_extensions-4.16.0-py3-none-any.whl", hash = "sha256:481caa481374e813c1b176ada14e97f1f67a4539ce9cfeb3f350d78d6370c2e8", size = 45571, upload-time = "2026-07-02T08:40:04.659Z" },
]

[[package]]
name = "uvicorn"
version = "0.54.0"
source = { registry = "https://pypi.org/simple" }
dependencies = [
    { name = "click" },
    { name = "h11" },
]
sdist = { url = "https://files.pythonhosted.org/packages/da/34/30e9280707135d2cfc589dfff3cb796bd07a3aeb1a3e415ba09dd89d7bb4/uvicorn-0.54.0.tar.gz", hash = "sha256:a2e33cbfaa0306f8e6b0c13e0cb89d7d7a2da3e62b90c66e18c33d9807b28620", size = 112283, upload-time = "2026-09-25T06:52:37.601Z" }
wheels = [
    { url = "https://files.pythonhosted.org/packages/38/0c/b54a4fdd7f90a3af8b02ebc9ce6712c2c208b7926a2f7bad95c33ebbe943/uvicorn-0.54.0-py3-none-any.whl", hash = "sha256:505bdb0f318731d45f1f712071fc781a8981f6847a31c902c9f5e652d4f67faf", size = 87427, upload-time = "2026-09-25T06:52:35.829Z" },
]

[[package]]
name = "websockets"
version = "17.2"
source = { registry = "https://pypi.org/simple" }
sdist = { url = "https://files.pythonhosted.org/packages/01/89/3f825ab71c242fffb62ea8fe638741c290f62f8d7aadf8125ff897747af3/websockets-17.2.tar.gz", hash = "sha256:36c2fb94c990cc2545143b12690e2de6c16300f9dbe5b4f33fa300cf57dc8792", size = 188355, upload-time = "2026-10-03T14:56:53.5Z" }
wheels = [
    { url = "https://files.pythonhosted.org/packages/bc/de/87854af9b38fe4738fd85f7f21c5b49558ae20aec898880894e435f33375/websockets-17.2-cp312-cp312-macosx_10_13_universal2.whl", hash = "sha256:916ebdfd82e7fc68041d36b2b5f60361b9abce1e087454da15f8bd004839e090", size = 217757, upload-time = "2026-10-03T14:53:23.029Z" },
    { url = "https://files.pythonhosted.org/packages/3a/2e/1e80b5efa41544f626d56bd15ccb53dbfc56bf28bf80ab9cd6f82c4b1d20/websockets-17.2-cp312-cp312-macosx_10_13_x86_64.whl", hash = "sha256:3621f3686397708b8eeabfd0a9d75267c1f29a7537d2fe31e65d099e71587fa4", size = 215439, upload-time = "2026-10-03T14:53:24.531Z" },
    { url = "https://files.pythonhosted.org/packages/3b/6e/82c78b595aee05be76a7ee78539323da1593c1848e4fef51c704c696568f/websockets-17.2-cp312-cp312-macosx_11_0_arm64.whl", hash = "sha256:a81e19710d48da88653473b6b9c366d47e99fe4f58e37ce415be47966748f31f", size = 215703, upload-time = "2026-10-03T14:53:26.226Z" },
    { url = "https://files.pythonhosted.org/packages/f8/c4/905ef6aa80423c03dba99e1e26fc0acf63a2a9a6a2d9e8c0e6a63caaf952/websockets-17.2-cp312-cp312-manylinux1_i686.manylinux_2_28_i686.manylinux_2_5_i686.whl", hash = "sha256:f2731f9067976c8c4127212c0d2f2ada42d497d935e470419e029802365b12bb", size = 225023, upload-time = "2026-10-03T14:53:27.744Z" },
    { url = "https://files.pythonhosted.org/packages/03/c0/a6d8be9c43e4456fb9597fdf8b5e0ce1f0a5df41503acce6d869536e4e23/websockets-17.2-cp312-cp312-manylinux1_x86_64.manylinux_2_28_x86_64.manylinux_2_5_x86_64.whl", hash = "sha256:6627b913b8586b1c06db9516b31dd0dfbc621de3bb9312616d92a7e44f268a5b", size = 225299, upload-time = "2026-10-03T14:53:29.171Z" },
    { url = "https://files.pythonhosted.org/packages/2f/d4/976d34b5491258b0a86c2ce9b9aabb9fdd68919ffd7fe65999c14a502a98/websockets-17.2-cp312-cp312-manylinux2014_aarch64.manylinux_2_17_aarch64.manylinux_2_28_aarch64.whl", hash = "sha256:0198c4ec6a3406a2f7557c032967de426474c2c995c81076585e09d29a9f407b", size = 226540, upload-time = "2026-10-03T14:53:31.635Z" },
    { url = "https://files.pythonhosted.org/packages/83/2f/c4cfd42f53c697a8ed123fd82b8f85fcd13b6360d47f9f1d1d45d6ec6627/websockets-17.2-cp312-cp312-manylinux2014_armv7l.manylinux_2_17_armv7l.manylinux_2_31_armv7l.whl", hash = "sha256:88c6a42c2632ff469e84155e44f6ed92cb15ccb047bf5fcb59225ae5a12fd33d", size = 229371, upload-time = "2026-10-03T14:53:33.061Z" },
    { url = "https://files.pythonhosted.org/packages/e7/55/9a221b29c6232ff9282eecb2fc102402cb9e42a3479264db0e5fc4fe6835/websockets-17.2-cp312-cp312-manylinux2014_ppc64le.manylinux_2_17_ppc64le.manylinux_2_28_ppc64le.whl", hash = "sha256:eb0023e6cdb4b8ece0b33875188dd16104ad8c335361d396a98394f99e30ff7a", size = 227173, upload-time = "2026-10-03T14:53:34.502Z" },
    { url = "https://files.pythonhosted.org/packages/8f/07/125e6d010c56c253d3d2b93cabaea0f96d33898151a16b49066a594acecf/websockets-17.2-cp312-cp312-manylinux2014_s390x.manylinux_2_17_s390x.manylinux_2_28_s390x.whl", hash = "sha256:c1c09d5d4646eb96bda2cfb97493bcea21a0956a981de116e6b1f4a9de07f3fd", size = 225929, upload-time = "2026-10-03T14:53:36.071Z" },
    { url = "https://files.pythonhosted.org/packages/23/a8/aad3bd902aee84e1b261ad6ab83b405e4a564af43101b8ad1dc0293ff4f4/websockets-17.2-cp312-cp312-manylinux_2_31_riscv64.manylinux_2_39_riscv64.whl", hash = "sha256:0360c4dc13ac569cc245e0efa2f4d4b1e4733d24c47b8ab3f3747227b1356348", size = 223167, upload-time = "2026-10-03T14:53:37.528Z" },
    { url = "https://files.pythonhosted.org/packages/1f/f4/ec8ab9be1a5310b4fea829f088c7aa2b7a58b61d34bce1b2a9338635ff12/websockets-17.2-cp312-cp312-musllinux_1_2_aarch64.whl", hash = "sha256:76693a16dead737946b651375ee3109d7db7ad9569a1c55c60aaed3ef85cfcc6", size = 225974, upload-time = "2026-10-03T14:53:38.959Z" },
    { url = "https://files.pythonhosted.org/packages/65/45/ba6503f8257d3f98b0f07ebaad0fd099c9023eae744fd5b775416743597e/websockets-17.2-cp312-cp312-musllinux_1_2_armv7l.whl", hash = "sha256:77a42cc507993ec5471b5283f7eef869239173b6000031543e3938a86d1af0fd", size = 224581, upload-time = "2026-10-03T14:53:40.496Z" },
    { url = "https://files.pythonhosted.org/packages/d0/45/05cca59a876c6776727d96fc7ba59e0b6f9aa496afbf13e7e04ad0b63678/websockets-17.2-cp312-cp312-musllinux_1_2_i686.whl", hash = "sha256:3bbc5543e39ee025d524077c5c15c2d67bc11c9f6676afe5b531839e24d701f6", size = 225347, upload-time = "2026-10-03T14:53:42.061Z" },
    { url = "https://files.pythonhosted.org/packages/1c/00/cf0e43292ae949b13f67535be84317102891d69fd1986ec2bf2ead42747b/websockets-17.2-cp312-cp312-musllinux_1_2_ppc64le.whl", hash = "sha256:8da58558bfb0ca6ccac2419773521f1111e40654038b1afabdfc69c02cb82614", size = 226457, upload-time = "2026-10-03T14:53:43.575Z" },
    { url = "https://files.pythonhosted.org/packages/79/0d/9a5c61a18f0cc9876d94c70ccb3daf7614a9fee56abbb37c0e64e757fb96/websockets-17.2-cp312-cp312-musllinux_1_2_riscv64.whl", hash = "sha256:01420cb1cb47433e8e7075d32cb8017ad3ffed0654bd1e48c0251b865920dec3", size = 224011, upload-time = "2026-10-03T14:53:45.077Z" },
    { url = "https://files.pythonhosted.org/packages/34/ed/991c1ab80ab2ce40e1c939fef6fa8f971c3ef3b21caf988a7a107e0ad27d/websockets-17.2-cp312-cp312-musllinux_1_2_s390x.whl", hash = "sha256:c49c9edd47d0e44d360299e2d8865e2950d2fcf1b4098782c9d7dcd070919e5a", size = 224990, upload-time = "2026-10-03T14:53:46.8Z" },
    { url = "https://files.pythonhosted.org/packages/e7/7a/363c835d17923e967fb66376188e67b9a261c85d826a0cd5e4dd3471221d/websockets-17.2-cp312-cp312-musllinux_1_2_x86_64.whl", hash = "sha256:96f6c8d0fe21930d1f982bfce2382789d2e8d005d2ab63d21280660f95ef8fe1", size = 225265, upload-time = "2026-10-03T14:53:48.382Z" },
    { url = "https://files.pythonhosted.org/packages/c8/90/6c51f6d78636bd1cd6781fae8ea5ea7bf1d5b4059354f3c1f5f8de793338/websockets-17.2-cp312-cp312-win32.whl", hash = "sha256:b25659ab2d655d742701487d5591e3f98e8f8b329fc999e05e3d59691ab344a1", size = 218228, upload-time = "2026-10-03T14:53:49.867Z" },
    { url = "https://files.pythonhosted.org/packages/c6/2a/90008411c652dcfae34345a2169f4becd066a4ba71eebfa8dd801e0445e1/websockets-17.2-cp312-cp312-win_amd64.whl", hash = "sha256:faa763b677e96f1beccc6b4d7e8c079dfeed2f249f57a19debc321b519ee64ec", size = 218528, upload-time = "2026-10-03T14:53:51.486Z" },
    { url = "https://files.pythonhosted.org/packages/1f/a1/b8ad6c17f8e75ba2215422fffe0d7f0c4b690dcff1c47c0473db0d253d51/websockets-17.2-cp312-cp312-win_arm64.whl", hash = "sha256:63499fc49efe48bccc2fca40723bc7adb198866cbe159093dd979905316994b6", size = 218457, upload-time = "2026-10-03T14:53:52.938Z" },
    { url = "https://files.pythonhosted.org/packages/8a/58/835cd51934d6780fa586f275b5d9901eead6d81569b4343b3767cdbaae4c/websockets-17.2-py3-none-any.whl", hash = "sha256:6aa59f0ef92e796b2db6f5f26550c4713c0e4036899fadf02f55e2ed4db0b7ae", size = 211883, upload-time = "2026-10-03T14:56:51.898Z" },
]
